// !$*UTF8*$!
{
	archiveVersion = 1;
	classes = {
	};
	objectVersion = 46;
	objects = {

/* Begin PBXBuildFile section */
		7C0319721F33556000718430 /* toDoDatabase.cpp in Sources */ = {isa = PBXBuildFile; fileRef = 7C0319701F33556000718430 /* toDoDatabase.cpp */; };
		7C0319741F33657100718430 /* toDoFileDatabase.cpp in Sources */ = {isa = PBXBuildFile; fileRef = 7C0319731F33657100718430 /* toDoFileDatabase.cpp */; };
		7C0319771F336D5400718430 /* toDoEncryptedDatabase.cpp in Sources */ = {isa = PBXBuildFile; fileRef = 7C0319761F336D5400718430 /* toDoEncryptedDatabase.cpp */; };
		7C7E375B1F349A8100A75995 /* toDoEncrypter.cpp in Sources */ = {isa = PBXBuildFile; fileRef = 7C7E375A1F349A8100A75995 /* toDoEncrypter.cpp */; };
		7CD8EDE41F30B3110078FD2F /* main.cpp in Sources */ = {isa = PBXBuildFile; fileRef = 7CD8EDE31F30B3110078FD2F /* main.cpp */; };
		7CD8EDEC1F30B8F50078FD2F /* toDoManager.cpp in Sources */ = {isa = PBXBuildFile; fileRef = 7CD8EDEB1F30B8F50078FD2F /* toDoManager.cpp */; };
		7CD8EDF01F30BEAA0078FD2F /* toDoItem.cpp in Sources */ = {isa = PBXBuildFile; fileRef = 7CD8EDEE1F30BEAA0078FD2F /* toDoItem.cpp */; };
/* End PBXBuildFile section */

/* Begin PBXCopyFilesBuildPhase section */
		7CD8EDDE1F30B3110078FD2F /* CopyFiles */ = {
			isa = PBXCopyFilesBuildPhase;
			buildActionMask = 2147483647;
			dstPath = /usr/share/man/man1/;
			dstSubfolderSpec = 0;
			files = (
			);
			runOnlyForDeploymentPostprocessing = 1;
		};
/* End PBXCopyFilesBuildPhase section */

/* Begin PBXFileReference section */
		7C0319701F33556000718430 /* toDoDatabase.cpp */ = {isa = PBXFileReference; fileEncoding = 4; lastKnownFileType = sourcecode.cpp.cpp; path = toDoDatabase.cpp; sourceTree = "<group>"; };
		7C0319711F33556000718430 /* toDoDatabase.h */ = {isa = PBXFileReference; fileEncoding = 4; lastKnownFileType = sourcecode.c.h; path = toDoDatabase.h; sourceTree = "<group>"; };
		7C0319731F33657100718430 /* toDoFileDatabase.cpp */ = {isa = PBXFileReference; fileEncoding = 4; lastKnownFileType = sourcecode.cpp.cpp; path = toDoFileDatabase.cpp; sourceTree = "<group>"; };
		7C0319751F33659000718430 /* toDoFileDatabase.h */ = {isa = PBXFileReference; lastKnownFileType = sourcecode.c.h; path = toDoFileDatabase.h; sourceTree = "<group>"; };
		7C0319761F336D5400718430 /* toDoEncryptedDatabase.cpp */ = {isa = PBXFileReference; fileEncoding = 4; lastKnownFileType = sourcecode.cpp.cpp; path = toDoEncryptedDatabase.cpp; sourceTree = "<group>"; };
		7C0319781F336D6E00718430 /* toDoEncryptedDatabase.h */ = {isa = PBXFileReference; lastKnownFileType = sourcecode.c.h; path = toDoEncryptedDatabase.h; sourceTree = "<group>"; };
		7C7E375A1F349A8100A75995 /* toDoEncrypter.cpp */ = {isa = PBXFileReference; fileEncoding = 4; lastKnownFileType = sourcecode.cpp.cpp; path = toDoEncrypter.cpp; sourceTree = "<group>"; };
		7C7E375C1F349A9200A75995 /* toDoEncrypter.h */ = {isa = PBXFileReference; lastKnownFileType = sourcecode.c.h; path = toDoEncrypter.h; sourceTree = "<group>"; };
		7CD8EDE01F30B3110078FD2F /* ToDoManager */ = {isa = PBXFileReference; explicitFileType = "compiled.mach-o.executable"; includeInIndex = 0; path = ToDoManager; sourceTree = BUILT_PRODUCTS_DIR; };
		7CD8EDE31F30B3110078FD2F /* main.cpp */ = {isa = PBXFileReference; lastKnownFileType = sourcecode.cpp.cpp; path = main.cpp; sourceTree = "<group>"; };
		7CD8EDEA1F30B8D20078FD2F /* toDoManager.h */ = {isa = PBXFileReference; lastKnownFileType = sourcecode.c.h; path = toDoManager.h; sourceTree = "<group>"; };
		7CD8EDEB1F30B8F50078FD2F /* toDoManager.cpp */ = {isa = PBXFileReference; fileEncoding = 4; lastKnownFileType = sourcecode.cpp.cpp; path = toDoManager.cpp; sourceTree = "<group>"; };
		7CD8EDED1F30B9AD0078FD2F /* toDoItem.h */ = {isa = PBXFileReference; lastKnownFileType = sourcecode.c.h; path = toDoItem.h; sourceTree = "<group>"; };
		7CD8EDEE1F30BEAA0078FD2F /* toDoItem.cpp */ = {isa = PBXFileReference; fileEncoding = 4; lastKnownFileType = sourcecode.cpp.cpp; path = toDoItem.cpp; sourceTree = "<group>"; };
/* End PBXFileReference section */

/* Begin PBXFrameworksBuildPhase section */
		7CD8EDDD1F30B3110078FD2F /* Frameworks */ = {
			isa = PBXFrameworksBuildPhase;
			buildActionMask = 2147483647;
			files = (
			);
			runOnlyForDeploymentPostprocessing = 0;
		};
/* End PBXFrameworksBuildPhase section */

/* Begin PBXGroup section */
		7CD8EDD71F30B3110078FD2F = {
			isa = PBXGroup;
			children = (
				7CD8EDE21F30B3110078FD2F /* ToDoManager */,
				7CD8EDE11F30B3110078FD2F /* Products */,
			);
			sourceTree = "<group>";
		};
		7CD8EDE11F30B3110078FD2F /* Products */ = {
			isa = PBXGroup;
			children = (
				7CD8EDE01F30B3110078FD2F /* ToDoManager */,
			);
			name = Products;
			sourceTree = "<group>";
		};
		7CD8EDE21F30B3110078FD2F /* ToDoManager */ = {
			isa = PBXGroup;
			children = (
				7CD8EDE31F30B3110078FD2F /* main.cpp */,
				7CD8EDEA1F30B8D20078FD2F /* toDoManager.h */,
				7CD8EDEB1F30B8F50078FD2F /* toDoManager.cpp */,
				7CD8EDED1F30B9AD0078FD2F /* toDoItem.h */,
				7CD8EDEE1F30BEAA0078FD2F /* toDoItem.cpp */,
				7C0319701F33556000718430 /* toDoDatabase.cpp */,
				7C0319711F33556000718430 /* toDoDatabase.h */,
				7C0319731F33657100718430 /* toDoFileDatabase.cpp */,
				7C0319751F33659000718430 /* toDoFileDatabase.h */,
				7C0319761F336D5400718430 /* toDoEncryptedDatabase.cpp */,
				7C0319781F336D6E00718430 /* toDoEncryptedDatabase.h */,
				7C7E375A1F349A8100A75995 /* toDoEncrypter.cpp */,
				7C7E375C1F349A9200A75995 /* toDoEncrypter.h */,
			);
			path = ToDoManager;
			sourceTree = "<group>";
		};
/* End PBXGroup section */

/* Begin PBXNativeTarget section */
		7CD8EDDF1F30B3110078FD2F /* ToDoManager */ = {
			isa = PBXNativeTarget;
			buildConfigurationList = 7CD8EDE71F30B3110078FD2F /* Build configuration list for PBXNativeTarget "ToDoManager" */;
			buildPhases = (
				7CD8EDDC1F30B3110078FD2F /* Sources */,
				7CD8EDDD1F30B3110078FD2F /* Frameworks */,
				7CD8EDDE1F30B3110078FD2F /* CopyFiles */,
			);
			buildRules = (
			);
			dependencies = (
			);
			name = ToDoManager;
			productName = ToDoManager;
			productReference = 7CD8EDE01F30B3110078FD2F /* ToDoManager */;
			productType = "com.apple.product-type.tool";
		};
/* End PBXNativeTarget section */

/* Begin PBXProject section */
		7CD8EDD81F30B3110078FD2F /* Project object */ = {
			isa = PBXProject;
			attributes = {
				LastUpgradeCheck = 0830;
				ORGANIZATIONNAME = KonH;
				TargetAttributes = {
					7CD8EDDF1F30B3110078FD2F = {
						CreatedOnToolsVersion = 8.3.3;
						ProvisioningStyle = Automatic;
					};
				};
			};
			buildConfigurationList = 7CD8EDDB1F30B3110078FD2F /* Build configuration list for PBXProject "ToDoManager" */;
			compatibilityVersion = "Xcode 3.2";
			developmentRegion = English;
			hasScannedForEncodings = 0;
			knownRegions = (
				en,
			);
			mainGroup = 7CD8EDD71F30B3110078FD2F;
			productRefGroup = 7CD8EDE11F30B3110078FD2F /* Products */;
			projectDirPath = "";
			projectRoot = "";
			targets = (
				7CD8EDDF1F30B3110078FD2F /* ToDoManager */,
			);
		};
/* End PBXProject section */

/* Begin PBXSourcesBuildPhase section */
		7CD8EDDC1F30B3110078FD2F /* Sources */ = {
			isa = PBXSourcesBuildPhase;
			buildActionMask = 2147483647;
			files = (
				7C0319721F33556000718430 /* toDoDatabase.cpp in Sources */,
				7C7E375B1F349A8100A75995 /* toDoEncrypter.cpp in Sources */,
				7CD8EDE41F30B3110078FD2F /* main.cpp in Sources */,
				7C0319741F33657100718430 /* toDoFileDatabase.cpp in Sources */,
				7C0319771F336D5400718430 /* toDoEncryptedDatabase.cpp in Sources */,
				7CD8EDF01F30BEAA0078FD2F /* toDoItem.cpp in Sources */,
				7CD8EDEC1F30B8F50078FD2F /* toDoManager.cpp in Sources */,
			);
			runOnlyForDeploymentPostprocessing = 0;
		};
/* End PBXSourcesBuildPhase section */

/* Begin XCBuildConfiguration section */
		7CD8EDE51F30B3110078FD2F /* Debug */ = {
			isa = XCBuildConfiguration;
			buildSettings = {
				ALWAYS_SEARCH_USER_PATHS = NO;
				CLANG_ANALYZER_NONNULL = YES;
				CLANG_ANALYZER_NUMBER_OBJECT_CONVERSION = YES_AGGRESSIVE;
				CLANG_CXX_LANGUAGE_STANDARD = "gnu++0x";
				CLANG_CXX_LIBRARY = "libc++";
				CLANG_ENABLE_MODULES = YES;
				CLANG_ENABLE_OBJC_ARC = YES;
				CLANG_WARN_BOOL_CONVERSION = YES;
				CLANG_WARN_CONSTANT_CONVERSION = YES;
				CLANG_WARN_DIRECT_OBJC_ISA_USAGE = YES_ERROR;
				CLANG_WARN_DOCUMENTATION_COMMENTS = YES;
				CLANG_WARN_EMPTY_BODY = YES;
				CLANG_WARN_ENUM_CONVERSION = YES;
				CLANG_WARN_INFINITE_RECURSION = YES;
				CLANG_WARN_INT_CONVERSION = YES;
				CLANG_WARN_OBJC_ROOT_CLASS = YES_ERROR;
				CLANG_WARN_SUSPICIOUS_MOVE = YES;
				CLANG_WARN_UNREACHABLE_CODE = YES;
				CLANG_WARN__DUPLICATE_METHOD_MATCH = YES;
				CODE_SIGN_IDENTITY = "-";
				COPY_PHASE_STRIP = NO;
				DEBUG_INFORMATION_FORMAT = dwarf;
				ENABLE_STRICT_OBJC_MSGSEND = YES;
				ENABLE_TESTABILITY = YES;
				GCC_C_LANGUAGE_STANDARD = gnu99;
				GCC_DYNAMIC_NO_PIC = NO;
				GCC_NO_COMMON_BLOCKS = YES;
				GCC_OPTIMIZATION_LEVEL = 0;
				GCC_PREPROCESSOR_DEFINITIONS = (
					"DEBUG=1",
					"$(inherited)",
				);
				GCC_WARN_64_TO_32_BIT_CONVERSION = YES;
				GCC_WARN_ABOUT_RETURN_TYPE = YES_ERROR;
				GCC_WARN_UNDECLARED_SELECTOR = YES;
				GCC_WARN_UNINITIALIZED_AUTOS = YES_AGGRESSIVE;
				GCC_WARN_UNUSED_FUNCTION = YES;
				GCC_WARN_UNUSED_VARIABLE = YES;
				MACOSX_DEPLOYMENT_TARGET = 10.12;
				MTL_ENABLE_DEBUG_INFO = YES;
				ONLY_ACTIVE_ARCH = YES;
				SDKROOT = macosx;
			};
			name = Debug;
		};
		7CD8EDE61F30B3110078FD2F /* Release */ = {
			isa = XCBuildConfiguration;
			buildSettings = {
				ALWAYS_SEARCH_USER_PATHS = NO;
				CLANG_ANALYZER_NONNULL = YES;
				CLANG_ANALYZER_NUMBER_OBJECT_CONVERSION = YES_AGGRESSIVE;
				CLANG_CXX_LANGUAGE_STANDARD = "gnu++0x";
				CLANG_CXX_LIBRARY = "libc++";
				CLANG_ENABLE_MODULES = YES;
				CLANG_ENABLE_OBJC_ARC = YES;
				CLANG_WARN_BOOL_CONVERSION = YES;
				CLANG_WARN_CONSTANT_CONVERSION = YES;
				CLANG_WARN_DIRECT_OBJC_ISA_USAGE = YES_ERROR;
				CLANG_WARN_DOCUMENTATION_COMMENTS = YES;
				CLANG_WARN_EMPTY_BODY = YES;
				CLANG_WARN_ENUM_CONVERSION = YES;
				CLANG_WARN_INFINITE_RECURSION = YES;
				CLANG_WARN_INT_CONVERSION = YES;
				CLANG_WARN_OBJC_ROOT_CLASS = YES_ERROR;
				CLANG_WARN_SUSPICIOUS_MOVE = YES;
				CLANG_WARN_UNREACHABLE_CODE = YES;
				CLANG_WARN__DUPLICATE_METHOD_MATCH = YES;
				CODE_SIGN_IDENTITY = "-";
				COPY_PHASE_STRIP = NO;
				DEBUG_INFORMATION_FORMAT = "dwarf-with-dsym";
				ENABLE_NS_ASSERTIONS = NO;
				ENABLE_STRICT_OBJC_MSGSEND = YES;
				GCC_C_LANGUAGE_STANDARD = gnu99;
				GCC_NO_COMMON_BLOCKS = YES;
				GCC_WARN_64_TO_32_BIT_CONVERSION = YES;
				GCC_WARN_ABOUT_RETURN_TYPE = YES_ERROR;
				GCC_WARN_UNDECLARED_SELECTOR = YES;
				GCC_WARN_UNINITIALIZED_AUTOS = YES_AGGRESSIVE;
				GCC_WARN_UNUSED_FUNCTION = YES;
				GCC_WARN_UNUSED_VARIABLE = YES;
				MACOSX_DEPLOYMENT_TARGET = 10.12;
				MTL_ENABLE_DEBUG_INFO = NO;
				SDKROOT = macosx;
			};
			name = Release;
		};
		7CD8EDE81F30B3110078FD2F /* Debug */ = {
			isa = XCBuildConfiguration;
			buildSettings = {
				PRODUCT_NAME = "$(TARGET_NAME)";
			};
			name = Debug;
		};
		7CD8EDE91F30B3110078FD2F /* Release */ = {
			isa = XCBuildConfiguration;
			buildSettings = {
				PRODUCT_NAME = "$(TARGET_NAME)";
			};
			name = Release;
		};
/* End XCBuildConfiguration section */

/* Begin XCConfigurationList section */
		7CD8EDDB1F30B3110078FD2F /* Build configuration list for PBXProject "ToDoManager" */ = {
			isa = XCConfigurationList;
			buildConfigurations = (
				7CD8EDE51F30B3110078FD2F /* Debug */,
				7CD8EDE61F30B3110078FD2F /* Release */,
			);
			defaultConfigurationIsVisible = 0;
			defaultConfigurationName = Release;
		};
		7CD8EDE71F30B3110078FD2F /* Build configuration list for PBXNativeTarget "ToDoManager" */ = {
			isa = XCConfigurationList;
			buildConfigurations = (
				7CD8EDE81F30B3110078FD2F /* Debug */,
				7CD8EDE91F30B3110078FD2F /* Release */,
			);
			defaultConfigurationIsVisible = 0;
			defaultConfigurationName = Release;
		};
/* End XCConfigurationList section */
	};
	rootObject = 7CD8EDD81F30B3110078FD2F /* Project object */;
}
